lockfileVersion: 5.3

specifiers:
  hexo: ^6.3.0
  hexo-deployer-git: ^4.0.0
  hexo-generator-archive: ^2.0.0
  hexo-generator-category: ^2.0.0
  hexo-generator-index: ^3.0.0
  hexo-generator-tag: ^2.0.0
  hexo-renderer-ejs: ^2.0.0
  hexo-renderer-marked: ^6.0.0
  hexo-renderer-stylus: ^3.0.0
  hexo-server: ^3.0.0
  hexo-theme-fluid: ^1.9.5-a
  hexo-theme-landscape: ^1.0.0

dependencies:
  hexo: 6.3.0
  hexo-deployer-git: 4.0.0
  hexo-generator-archive: 2.0.0
  hexo-generator-category: 2.0.0
  hexo-generator-index: 3.0.0
  hexo-generator-tag: 2.0.0
  hexo-renderer-ejs: 2.0.0
  hexo-renderer-marked: 6.1.1
  hexo-renderer-stylus: 3.0.0
  hexo-server: 3.0.0
  hexo-theme-fluid: 1.9.5-a
  hexo-theme-landscape: 1.0.0

packages:

  /@adobe/css-tools/4.3.1:
    resolution: {integrity: sha512-/62yikz7NLScCGAAST5SHdnjaDJQBDq0M2muyRTpf2VQhw6StBg2ALiu73zSJQ4fMVLA+0uBhBHAle7Wg+2kSg==}
    dev: false

  /@tootallnate/once/2.0.0:
    resolution: {integrity: sha1-9UShSNOrNYAcH2M6dEH9h8LkhL8=}
    engines: {node: '>= 10'}
    dev: false

  /a-sync-waterfall/1.0.1:
    resolution: {integrity: sha1-dba2qnJZi0l6El56J3DxT0yKH6c=}
    dev: false

  /abab/2.0.6:
    resolution: {integrity: sha512-j2afSsaIENvHZN2B8GOpF566vZ5WVk5opAiMTvWgaQT8DkbOqsTfvNAvHoRGU2zzP8cPoqys+xHTRDWW8L+/BA==}
    dev: false

  /abbrev/1.1.1:
    resolution: {integrity: sha1-+PLIh60Qv2f2NPAFtph/7TF5qsg=}
    dev: false

  /abbrev/2.0.0:
    resolution: {integrity: sha512-6/mh1E2u2YgEsCHdY0Yx5oW+61gZU+1vXaoiHHrpKeuRNNgFvS+/jrwHiQhB5apAf5oB7UB7E19ol2R2LKH8hQ==}
    engines: {node: ^14.17.0 || ^16.13.0 || >=18.0.0}
    dev: false

  /accepts/1.3.8:
    resolution: {integrity: sha512-PYAthTa2m2VKxuvSD3DPC/Gy+U+sOA1LAuT8mkmRuvw+NACSaeXEQ+NHcVF7rONl6qcaxV3Uuemwawk+7+SJLw==}
    engines: {node: '>= 0.6'}
    dependencies:
      mime-types: 2.1.35
      negotiator: 0.6.3
    dev: false

  /acorn-globals/7.0.1:
    resolution: {integrity: sha512-umOSDSDrfHbTNPuNpC2NSnnA3LUrqpevPb4T9jRx4MagXNS0rs+gwiTcAvqCRmsD6utzsrzNt+ebm00SNWiC3Q==}
    dependencies:
      acorn: 8.10.0
      acorn-walk: 8.2.0
    dev: false

  /acorn-walk/8.2.0:
    resolution: {integrity: sha1-dBIQ8uJCZFRQiFOi9E0KuDt/acE=}
    engines: {node: '>=0.4.0'}
    dev: false

  /acorn/8.10.0:
    resolution: {integrity: sha512-F0SAmZ8iUtS//m8DmCTA0jlh6TDKkHQyK6xc6V4KDTyZKA9dnvX9/3sRTVQrWm79glUAZbnmmNcdYwUIHWVybw==}
    engines: {node: '>=0.4.0'}
    hasBin: true
    dev: false

  /agent-base/6.0.2:
    resolution: {integrity: sha1-Sf/1hXfP7j83F2/qtMIuAPhtf3c=}
    engines: {node: '>= 6.0.0'}
    dependencies:
      debug: 4.3.4
    transitivePeerDependencies:
      - supports-color
    dev: false

  /ansi-regex/5.0.1:
    resolution: {integrity: sha1-CCyyyJyf6GWaMRpTvWpNxTAdswQ=}
    engines: {node: '>=8'}
    dev: false

  /ansi-styles/4.3.0:
    resolution: {integrity: sha1-7dgDYornHATIWuegkG7a00tkiTc=}
    engines: {node: '>=8'}
    dependencies:
      color-convert: 2.0.1
    dev: false

  /anymatch/3.1.3:
    resolution: {integrity: sha512-KMReFUr0B4t+D+OBkjR3KYqvocp2XaSzO55UcB6mgQMd3KbcE+mWTyvVV7D/zsdEbNnV6acZUutkiHQXvTr1Rw==}
    engines: {node: '>= 8'}
    dependencies:
      normalize-path: 3.0.0
      picomatch: 2.3.1
    dev: false

  /archy/1.0.0:
    resolution: {integrity: sha1-+cjBN1fMHde8N5rHeyxipcKGjEA=}
    dev: false

  /argparse/2.0.1:
    resolution: {integrity: sha1-JG9Q88p4oyQPbJl+ipvR6sSeSzg=}
    dev: false

  /asap/2.0.6:
    resolution: {integrity: sha1-5QNHYR1+aQlDIIu9r+vLwvuGbUY=}
    dev: false

  /async/3.2.4:
    resolution: {integrity: sha512-iAB+JbDEGXhyIUavoDl9WP/Jj106Kz9DEn1DPgYw5ruDn0e3Wgi3sKFm55sASdGBNOQB8F59d9qQ7deqrHA8wQ==}
    dev: false

  /asynckit/0.4.0:
    resolution: {integrity: sha1-x57Zf380y48robyXkLzDZkdLS3k=}
    dev: false

  /balanced-match/1.0.2:
    resolution: {integrity: sha1-6D46fj8wCzTLnYf2FfoMvzV2kO4=}
    dev: false

  /basic-auth/2.0.1:
    resolution: {integrity: sha1-uZgnm/R844NEtPPPkW1Gebv1Hjo=}
    engines: {node: '>= 0.8'}
    dependencies:
      safe-buffer: 5.1.2
    dev: false

  /binary-extensions/2.2.0:
    resolution: {integrity: sha1-dfUC7q+f/eQvyYgpZFvk6na9ni0=}
    engines: {node: '>=8'}
    dev: false

  /bluebird/3.7.2:
    resolution: {integrity: sha1-nyKcFb4nJFT/qXOs4NvueaGww28=}
    dev: false

  /brace-expansion/1.1.11:
    resolution: {integrity: sha1-PH/L9SnYcibz0vUrlm/1Jx60Qd0=}
    dependencies:
      balanced-match: 1.0.2
      concat-map: 0.0.1
    dev: false

  /brace-expansion/2.0.1:
    resolution: {integrity: sha1-HtxFng8MVISG7Pn8mfIiE2S5oK4=}
    dependencies:
      balanced-match: 1.0.2
    dev: false

  /braces/3.0.2:
    resolution: {integrity: sha1-NFThpGLujVmeI23zNs2epPiv4Qc=}
    engines: {node: '>=8'}
    dependencies:
      fill-range: 7.0.1
    dev: false

  /bytes/3.0.0:
    resolution: {integrity: sha1-0ygVQE1olpn4Wk6k+odV3ROpYEg=}
    engines: {node: '>= 0.8'}
    dev: false

  /camel-case/4.1.2:
    resolution: {integrity: sha1-lygHKpVPgFIoIlpt7qazhGHhvVo=}
    dependencies:
      pascal-case: 3.1.2
      tslib: 2.6.2
    dev: false

  /chalk/4.1.2:
    resolution: {integrity: sha1-qsTit3NKdAhnrrFr8CqtVWoeegE=}
    engines: {node: '>=10'}
    dependencies:
      ansi-styles: 4.3.0
      supports-color: 7.2.0
    dev: false

  /chokidar/3.5.3:
    resolution: {integrity: sha512-Dr3sfKRP6oTcjf2JmUmFJfeVMvXBdegxB0iVQ5eb2V10uFJUCAS8OByZdVAyVb8xXNz3GjjTgj9kLWsZTqE6kw==}
    engines: {node: '>= 8.10.0'}
    dependencies:
      anymatch: 3.1.3
      braces: 3.0.2
      glob-parent: 5.1.2
      is-binary-path: 2.1.0
      is-glob: 4.0.3
      normalize-path: 3.0.0
      readdirp: 3.6.0
    optionalDependencies:
      fsevents: 2.3.3
    dev: false

  /color-convert/2.0.1:
    resolution: {integrity: sha1-ctOmjVmMm9s68q0ehPIdiWq9TeM=}
    engines: {node: '>=7.0.0'}
    dependencies:
      color-name: 1.1.4
    dev: false

  /color-name/1.1.4:
    resolution: {integrity: sha1-wqCah6y95pVD3m9j+jmVyCbFNqI=}
    dev: false

  /combined-stream/1.0.8:
    resolution: {integrity: sha1-w9RaizT9cwYxoRCoolIGgrMdWn8=}
    engines: {node: '>= 0.8'}
    dependencies:
      delayed-stream: 1.0.0
    dev: false

  /command-exists/1.2.9:
    resolution: {integrity: sha1-xQclrzgIyKsCYP1gsB+/oluVT2k=}
    dev: false

  /commander/5.1.0:
    resolution: {integrity: sha1-Rqu9FlL44Fm92u+Zu9yyrZzxea4=}
    engines: {node: '>= 6'}
    dev: false

  /compressible/2.0.18:
    resolution: {integrity: sha1-r1PMprBw1MPAdQ+9dyhqbXzEb7o=}
    engines: {node: '>= 0.6'}
    dependencies:
      mime-db: 1.52.0
    dev: false

  /compression/1.7.4:
    resolution: {integrity: sha1-lVI+/xcMpXwpoMpB5v4TH0Hlu48=}
    engines: {node: '>= 0.8.0'}
    dependencies:
      accepts: 1.3.8
      bytes: 3.0.0
      compressible: 2.0.18
      debug: 2.6.9
      on-headers: 1.0.2
      safe-buffer: 5.1.2
      vary: 1.1.2
    transitivePeerDependencies:
      - supports-color
    dev: false

  /concat-map/0.0.1:
    resolution: {integrity: sha1-2Klr13/Wjfd5OnMDajug1UBdR3s=}
    dev: false

  /connect/3.7.0:
    resolution: {integrity: sha1-XUk0iRDKpeB6AYALAw0MNfIEhPg=}
    engines: {node: '>= 0.10.0'}
    dependencies:
      debug: 2.6.9
      finalhandler: 1.1.2
      parseurl: 1.3.3
      utils-merge: 1.0.1
    transitivePeerDependencies:
      - supports-color
    dev: false

  /cross-spawn/7.0.3:
    resolution: {integrity: sha1-9zqFudXUHQRVUcF34ogtSshXKKY=}
    engines: {node: '>= 8'}
    dependencies:
      path-key: 3.1.1
      shebang-command: 2.0.0
      which: 2.0.2
    dev: false

  /cssom/0.3.8:
    resolution: {integrity: sha1-nxJ29bK0Y/IRTT8sdSUK+MGjb0o=}
    dev: false

  /cssom/0.5.0:
    resolution: {integrity: sha1-0lT6ks2Lb72DgRufuu00ZjzBfDY=}
    dev: false

  /cssstyle/2.3.0:
    resolution: {integrity: sha1-/2ZaDdvcMYZLCWR/NBY0Q9kLCFI=}
    engines: {node: '>=8'}
    dependencies:
      cssom: 0.3.8
    dev: false

  /cuid/2.1.8:
    resolution: {integrity: sha1-y7iPlUFx4NV0dgbAE5+2XFEB6sA=}
    dev: false

  /data-urls/3.0.2:
    resolution: {integrity: sha512-Jy/tj3ldjZJo63sVAvg6LHt2mHvl4V6AgRAmNDtLdm7faqtsx+aJG42rsyCo9JCoRVKwPFzKlIPx3DIibwSIaQ==}
    engines: {node: '>=12'}
    dependencies:
      abab: 2.0.6
      whatwg-mimetype: 3.0.0
      whatwg-url: 11.0.0
    dev: false

  /debug/2.6.9:
    resolution: {integrity: sha1-XRKFFd8TT/Mn6QpMk/Tgd6U2NB8=}
    peerDependencies:
      supports-color: '*'
    peerDependenciesMeta:
      supports-color:
        optional: true
    dependencies:
      ms: 2.0.0
    dev: false

  /debug/4.3.4:
    resolution: {integrity: sha512-PRWFHuSU3eDtQJPvnNY7Jcket1j0t5OuOsFzPPzsekD52Zl8qUfFIPEiswXqIvHWGVHOgX+7G/vCNNhehwxfkQ==}
    engines: {node: '>=6.0'}
    peerDependencies:
      supports-color: '*'
    peerDependenciesMeta:
      supports-color:
        optional: true
    dependencies:
      ms: 2.1.2
    dev: false

  /decimal.js/10.4.3:
    resolution: {integrity: sha512-VBBaLc1MgL5XpzgIP7ny5Z6Nx3UrRkIViUkPUdtl9aya5amy3De1gsUUSB1g3+3sExYNjCAsAznmukyxCb1GRA==}
    dev: false

  /deepmerge/4.3.1:
    resolution: {integrity: sha512-3sUqbMEc77XqpdNO7FRyRog+eW3ph+GYCbj+rK+uYyRMuwsVy0rMiVtPn+QJlKFvWP/1PYpapqYn0Me2knFn+A==}
    engines: {node: '>=0.10.0'}
    dev: false

  /define-lazy-prop/2.0.0:
    resolution: {integrity: sha1-P3rkIRKbyqrJvHSQXJigAJ7J7n8=}
    engines: {node: '>=8'}
    dev: false

  /delayed-stream/1.0.0:
    resolution: {integrity: sha1-3zrhmayt+31ECqrgsp4icrJOxhk=}
    engines: {node: '>=0.4.0'}
    dev: false

  /depd/2.0.0:
    resolution: {integrity: sha1-tpYWPMdXVg0JzyLMj60Vcbeedt8=}
    engines: {node: '>= 0.8'}
    dev: false

  /destroy/1.2.0:
    resolution: {integrity: sha512-2sJGJTaXIIaR1w4iJSNoN0hnMY7Gpc/n8D4qSCJw8QqFWXf7cuAgnEHxBpweaVcPevC2l3KpjYCx3NypQQgaJg==}
    engines: {node: '>= 0.8', npm: 1.2.8000 || >= 1.4.16}
    dev: false

  /dom-serializer/1.4.1:
    resolution: {integrity: sha512-VHwB3KfrcOOkelEG2ZOfxqLZdfkil8PtJi4P8N2MMXucZq2yLp75ClViUlOVwyoHEDjYU433Aq+5zWP61+RGag==}
    dependencies:
      domelementtype: 2.3.0
      domhandler: 4.3.1
      entities: 2.2.0
    dev: false

  /dom-serializer/2.0.0:
    resolution: {integrity: sha512-wIkAryiqt/nV5EQKqQpo3SToSOV9J0DnbJqwK7Wv/Trc92zIAYZ4FlMu+JPFW1DfGFt81ZTCGgDEabffXeLyJg==}
    dependencies:
      domelementtype: 2.3.0
      domhandler: 5.0.3
      entities: 4.5.0
    dev: false

  /domelementtype/2.3.0:
    resolution: {integrity: sha512-OLETBj6w0OsagBwdXnPdN0cnMfF9opN69co+7ZrbfPGrdpPVNBUj02spi6B1N7wChLQiPn4CSH/zJvXw56gmHw==}
    dev: false

  /domexception/4.0.0:
    resolution: {integrity: sha1-StG+VsytyG/HbQMzU5magDfQNnM=}
    engines: {node: '>=12'}
    dependencies:
      webidl-conversions: 7.0.0
    dev: false

  /domhandler/4.3.1:
    resolution: {integrity: sha512-GrwoxYN+uWlzO8uhUXRl0P+kHE4GtVPfYzVLcUxPL7KNdHKj66vvlhiweIHqYYXWlw+T8iLMp42Lm67ghw4WMQ==}
    engines: {node: '>= 4'}
    dependencies:
      domelementtype: 2.3.0
    dev: false

  /domhandler/5.0.3:
    resolution: {integrity: sha512-cgwlv/1iFQiFnU96XXgROh8xTeetsnJiDsTc7TYCLFd9+/WNkIqPTxiM/8pSd8VIrhXGTf1Ny1q1hquVqDJB5w==}
    engines: {node: '>= 4'}
    dependencies:
      domelementtype: 2.3.0
    dev: false

  /dompurify/3.0.6:
    resolution: {integrity: sha512-ilkD8YEnnGh1zJ240uJsW7AzE+2qpbOUYjacomn3AvJ6J4JhKGSZ2nh4wUIXPZrEPppaCLx5jFe8T89Rk8tQ7w==}
    dev: false

  /domutils/2.8.0:
    resolution: {integrity: sha1-RDfe9dtuLR9dbuhZvZXKfQIEgTU=}
    dependencies:
      dom-serializer: 1.4.1
      domelementtype: 2.3.0
      domhandler: 4.3.1
    dev: false

  /domutils/3.1.0:
    resolution: {integrity: sha512-H78uMmQtI2AhgDJjWeQmHwJJ2bLPD3GMmO7Zja/ZZh84wkm+4ut+IUnUdRa8uCGX88DiVx1j6FRe1XfxEgjEZA==}
    dependencies:
      dom-serializer: 2.0.0
      domelementtype: 2.3.0
      domhandler: 5.0.3
    dev: false

  /ee-first/1.1.1:
    resolution: {integrity: sha1-WQxhFWsK4vTwJVcyoViyZrxWsh0=}
    dev: false

  /ejs/3.1.9:
    resolution: {integrity: sha512-rC+QVNMJWv+MtPgkt0y+0rVEIdbtxVADApW9JXrUVlzHetgcyczP/E7DJmWJ4fJCZF2cPcBk0laWO9ZHMG3DmQ==}
    engines: {node: '>=0.10.0'}
    hasBin: true
    dependencies:
      jake: 10.8.7
    dev: false

  /encodeurl/1.0.2:
    resolution: {integrity: sha1-rT/0yG7C0CkyL1oCw6mmBslbP1k=}
    engines: {node: '>= 0.8'}
    dev: false

  /entities/2.2.0:
    resolution: {integrity: sha1-CY3JDruD2N/6CJ1VJWs1HTTE2lU=}
    dev: false

  /entities/3.0.1:
    resolution: {integrity: sha1-K4h8piWF6W2zkDSC0zbBAGwwAdQ=}
    engines: {node: '>=0.12'}
    dev: false

  /entities/4.5.0:
    resolution: {integrity: sha512-V0hjH4dGPh9Ao5p0MoRY6BVqtwCjhz6vI5LT8AJ55H+4g9/4vbHx1I54fS0XuclLhDHArPQCiMjDxjaL8fPxhw==}
    engines: {node: '>=0.12'}
    dev: false

  /escape-html/1.0.3:
    resolution: {integrity: sha1-Aljq5NPQwJdN4cFpGI7wBR0dGYg=}
    dev: false

  /escodegen/2.1.0:
    resolution: {integrity: sha512-2NlIDTwUWJN0mRPQOdtQBzbUHvdGY2P1VXSyU83Q3xKxM7WHX2Ql8dKq782Q9TgQUNOLEzEYu9bzLNj1q88I5w==}
    engines: {node: '>=6.0'}
    hasBin: true
    dependencies:
      esprima: 4.0.1
      estraverse: 5.3.0
      esutils: 2.0.3
    optionalDependencies:
      source-map: 0.6.1
    dev: false

  /esprima/4.0.1:
    resolution: {integrity: sha1-E7BM2z5sXRnfkatph6hpVhmwqnE=}
    engines: {node: '>=4'}
    hasBin: true
    dev: false

  /estraverse/5.3.0:
    resolution: {integrity: sha1-LupSkHAvJquP5TcDcP+GyWXSESM=}
    engines: {node: '>=4.0'}
    dev: false

  /esutils/2.0.3:
    resolution: {integrity: sha1-dNLrTeC42hKTcRkQ1Qd1ubcQ72Q=}
    engines: {node: '>=0.10.0'}
    dev: false

  /etag/1.8.1:
    resolution: {integrity: sha1-Qa4u62XvpiJorr/qg6x9eSmbCIc=}
    engines: {node: '>= 0.6'}
    dev: false

  /fast-equals/3.0.3:
    resolution: {integrity: sha512-NCe8qxnZFARSHGztGMZOO/PC1qa5MIFB5Hp66WdzbCRAz8U8US3bx1UTgLS49efBQPcUtO9gf5oVEY8o7y/7Kg==}
    dev: false

  /filelist/1.0.4:
    resolution: {integrity: sha512-w1cEuf3S+DrLCQL7ET6kz+gmlJdbq9J7yXCSjK/OZCPA+qEN1WyF4ZAf0YYJa4/shHJra2t/d/r8SV4Ji+x+8Q==}
    dependencies:
      minimatch: 5.1.6
    dev: false

  /fill-range/7.0.1:
    resolution: {integrity: sha1-GRmmp8df44ssfHflGYU12prN2kA=}
    engines: {node: '>=8'}
    dependencies:
      to-regex-range: 5.0.1
    dev: false

  /finalhandler/1.1.2:
    resolution: {integrity: sha1-t+fQAP/RGTjQ/bBTUG9uur6fWH0=}
    engines: {node: '>= 0.8'}
    dependencies:
      debug: 2.6.9
      encodeurl: 1.0.2
      escape-html: 1.0.3
      on-finished: 2.3.0
      parseurl: 1.3.3
      statuses: 1.5.0
      unpipe: 1.0.0
    transitivePeerDependencies:
      - supports-color
    dev: false

  /form-data/4.0.0:
    resolution: {integrity: sha1-k5Gdrq82HuUpWEubMWZNwSyfpFI=}
    engines: {node: '>= 6'}
    dependencies:
      asynckit: 0.4.0
      combined-stream: 1.0.8
      mime-types: 2.1.35
    dev: false

  /fresh/0.5.2:
    resolution: {integrity: sha1-PYyt2Q2XZWn6g1qx+OSyOhBWBac=}
    engines: {node: '>= 0.6'}
    dev: false

  /fs.realpath/1.0.0:
    resolution: {integrity: sha1-FQStJSMVjKpA20onh8sBQRmU6k8=}
    dev: false

  /fsevents/2.3.3:
    resolution: {integrity: sha512-5xoDfX+fL7faATnagmWPpbFtwh/R77WmMMqqHGS65C3vvB0YHrgF+B1YmZ3441tMj5n63k0212XNoJwzlhffQw==}
    engines: {node: ^8.16.0 || ^10.6.0 || >=11.0.0}
    os: [darwin]
    requiresBuild: true
    dev: false
    optional: true

  /function-bind/1.1.2:
    resolution: {integrity: sha512-7XHNxH7qX9xG5mIwxkhumTox/MIRNcOgDrxWsMt2pAr23WHp6MrRlN7FBSFpCpr+oVO0F744iUgR82nJMfG2SA==}
    dev: false

  /glob-parent/5.1.2:
    resolution: {integrity: sha1-hpgyxYA0/mikCTwX3BXoNA2EAcQ=}
    engines: {node: '>= 6'}
    dependencies:
      is-glob: 4.0.3
    dev: false

  /glob/7.2.3:
    resolution: {integrity: sha512-nFR0zLpU2YCaRxwoCJvL6UvCH2JFyFVIvwTLsIf21AuHlMskA1hhTdk+LlYJtOlYt9v6dvszD2BGRqBL+iQK9Q==}
    dependencies:
      fs.realpath: 1.0.0
      inflight: 1.0.6
      inherits: 2.0.4
      minimatch: 3.1.2
      once: 1.4.0
      path-is-absolute: 1.0.1
    dev: false

  /graceful-fs/4.2.11:
    resolution: {integrity: sha512-RbJ5/jmFcNNCcDV5o9eTnBLJ/HszWV0P73bc+Ff4nS/rJj+YaS6IGyiOL0VoBYX+l1Wrl3k63h/KrH+nhJ0XvQ==}
    dev: false

  /has-flag/4.0.0:
    resolution: {integrity: sha1-lEdx/ZyByBJlxNaUGGDaBrtZR5s=}
    engines: {node: '>=8'}
    dev: false

  /hasown/2.0.0:
    resolution: {integrity: sha512-vUptKVTpIJhcczKBbgnS+RtcuYMB8+oNzPK2/Hp3hanz8JmpATdmmgLgSaadVREkDm+e2giHwY3ZRkyjSIDDFA==}
    engines: {node: '>= 0.4'}
    dependencies:
      function-bind: 1.1.2
    dev: false

  /hexo-cli/4.3.1:
    resolution: {integrity: sha512-nYe7yJhXT7MwlDEpIAjneMfz0wnWTdIhRv+cVW2OPTw8JtG2X+8Y/sYhPDvQz/ZqjFRZ4qgiKFXN5orFJ/u1vg==}
    engines: {node: '>=14'}
    hasBin: true
    dependencies:
      abbrev: 2.0.0
      bluebird: 3.7.2
      command-exists: 1.2.9
      hexo-fs: 4.1.1
      hexo-log: 4.1.0
      hexo-util: 2.7.0
      minimist: 1.2.8
      picocolors: 1.0.0
      resolve: 1.22.8
      tildify: 2.0.0
    dev: false

  /hexo-deployer-git/4.0.0:
    resolution: {integrity: sha512-28t1Q+4taB/UaBAP52W3mD/wcCwa2y2zBieUfBJFBZudbmVgiKJB5YedYILeyI5QByaUKAOwoupmdTbocdQ+CQ==}
    engines: {node: '>=14'}
    dependencies:
      bluebird: 3.7.2
      hexo-fs: 4.1.1
      hexo-util: 2.7.0
      luxon: 3.4.3
      nunjucks: 3.2.4
      picocolors: 1.0.0
    transitivePeerDependencies:
      - chokidar
    dev: false

  /hexo-front-matter/3.0.0:
    resolution: {integrity: sha512-hSQTPUmB/BCe1BFYmXRkPyLk8rqbBqHCQq+rjwwOJuEfOADrFaVK2VPZb90tJzPyXE1xSxpgCxE/AZq0CyTVwg==}
    engines: {node: '>=12.13.0'}
    dependencies:
      js-yaml: 4.1.0
    dev: false

  /hexo-fs/3.1.0:
    resolution: {integrity: sha1-IFL/csaM2ixXeoeqDqeYCuUD+pk=}
    engines: {node: '>=10.13.0'}
    dependencies:
      bluebird: 3.7.2
      chokidar: 3.5.3
      graceful-fs: 4.2.11
      hexo-util: 2.7.0
    dev: false

  /hexo-fs/4.1.1:
    resolution: {integrity: sha512-aDysNTyv8ElcerbFVbPLRXnYt+QDY6gAOZZ5DLbCxudY0Ywppqd+uZ03gZ2BDypIBvmNB27WYWYz76M+Yv/YXw==}
    engines: {node: '>=14'}
    dependencies:
      bluebird: 3.7.2
      chokidar: 3.5.3
      graceful-fs: 4.2.11
      hexo-util: 2.7.0
    dev: false

  /hexo-generator-archive/2.0.0:
    resolution: {integrity: sha512-KikJk7dGFbtNHOgqtLFGf5T/S8n1paGp+Gy0KfVDz+HKYhGbXOouyiZkmc3O9KrYt6ja14rmkMhq7KKGtvfehw==}
    engines: {node: '>=14'}
    dependencies:
      hexo-pagination: 3.0.0
    dev: false

  /hexo-generator-category/2.0.0:
    resolution: {integrity: sha512-9OduRBf3WeRDa4BR0kAfRjOVHur7v3fm0NKAwbjUiqULigAdNZVZPO3cHKW2MlBbl/lI5PuWdhQ9zZ99CCCAgQ==}
    engines: {node: '>=14'}
    dependencies:
      hexo-pagination: 3.0.0
    dev: false

  /hexo-generator-index/3.0.0:
    resolution: {integrity: sha512-83AuNN4cWdLVi//3ugR8E3kR6rrOwhXZt+hOCm1IjtIGj353/GlrtpMHpqZHU5kqipzj4miy9dweVdukXglVWw==}
    engines: {node: '>=14'}
    dependencies:
      hexo-pagination: 3.0.0
    dev: false

  /hexo-generator-tag/2.0.0:
    resolution: {integrity: sha512-1px/hF3veEohWDN8jjzchQhaiz+uOStUvvMaBJC9vWOlALh30UFcapL8IrvAwwJZjFRVA+WqGgDRqoQ8+yaaFw==}
    engines: {node: '>=14'}
    dependencies:
      hexo-pagination: 3.0.0
    dev: false

  /hexo-i18n/1.0.0:
    resolution: {integrity: sha1-eYP7OjE+kGFbhN2PqUanHEie9b0=}
    engines: {node: '>=8.6.0'}
    dependencies:
      sprintf-js: 1.1.3
    dev: false

  /hexo-log/3.2.0:
    resolution: {integrity: sha512-fk7jOW3hvKiAv4Q/d8UxaQlARwcv+5KjGcnxexUrqBqyWbMCLmw7jhMHTSRLNNQpaoTlF5ff+kQkPi4yhp9iag==}
    engines: {node: '>=12.4.0'}
    dependencies:
      picocolors: 1.0.0
    dev: false

  /hexo-log/4.1.0:
    resolution: {integrity: sha512-i2Sgxk8Cgx5viSjq5qW5N/rBFfwoCKQcH8qnnW1fawCapcdEAhIsq+Y3vbrs9bssyDlyU6Vqm4oQmosREaNI7Q==}
    engines: {node: '>=14'}
    dependencies:
      picocolors: 1.0.0
    dev: false

  /hexo-pagination/3.0.0:
    resolution: {integrity: sha512-8oo1iozloZo7TojPVYg4IxL3SJKCBdSJ908fTlIxIK7TWJIKdYnQlW31+12DBJ0NhVZA/lZisPObGF08wT8fKw==}
    engines: {node: '>=14'}
    dev: false

  /hexo-renderer-ejs/2.0.0:
    resolution: {integrity: sha512-qCjE1IdwgDgv65qyb0KMVCwCdSVAkH0vwAe9XihjvaKWkmb9dtt8DgErOdqCXn0HReSyWiEVP2BrLRj3gyHwOQ==}
    engines: {node: '>=12'}
    dependencies:
      ejs: 3.1.9
    dev: false

  /hexo-renderer-marked/6.1.1:
    resolution: {integrity: sha512-vllmRFwl9A1NP/llQW2TbDnyvqaQKgktxXw7c+tK7XVQJmfIUnl32dr8M4jRYqYe5m9972eYm09kBXV8rBtA/A==}
    engines: {node: '>=14'}
    dependencies:
      dompurify: 3.0.6
      hexo-util: 3.1.0
      jsdom: 20.0.3
      marked: 4.3.0
    transitivePeerDependencies:
      - bufferutil
      - canvas
      - supports-color
      - utf-8-validate
    dev: false

  /hexo-renderer-stylus/3.0.0:
    resolution: {integrity: sha512-wgKOcjUzq1i4Y70luoyYDbh91QeQcDzJO+v1598LgY+IdREFAm+vy1MWtl/TZsVXyPaEtsULNi3Vi22hdsPUSA==}
    engines: {node: '>=14'}
    dependencies:
      nib: 1.2.0_stylus@0.59.0
      stylus: 0.59.0
    transitivePeerDependencies:
      - supports-color
    dev: false

  /hexo-server/3.0.0:
    resolution: {integrity: sha512-u4s0ty9Aew6jV+a9oMrXBwhrRpUQ0U8PWM/88a5aHgDru58VY81mVrxOFxs788NAsWQ8OvsJtF5m7mnXoRnSIA==}
    engines: {node: '>=12.13.0'}
    dependencies:
      bluebird: 3.7.2
      compression: 1.7.4
      connect: 3.7.0
      mime: 3.0.0
      morgan: 1.10.0
      open: 8.4.2
      picocolors: 1.0.0
      serve-static: 1.15.0
    transitivePeerDependencies:
      - supports-color
    dev: false

  /hexo-theme-fluid/1.9.5-a:
    resolution: {integrity: sha512-lmpLUtYfEDTFoOAuhZ8wNPzfS8DU9Kbck/JGvpPBWkss2xSNddgRGxpJEpAAdD2ikUf3KI5sehOPMBfk9yVDfQ==}
    engines: {node: '>=8.10.0'}
    peerDependencies:
      nunjucks: ^3.0.0
    dev: false

  /hexo-theme-landscape/1.0.0:
    resolution: {integrity: sha512-bWQJWMqQI78wWiJPQZq5pJBH20TM442ShCaHGRetuEgMraxH0OKxB3NTupJzNEkzEk8DV2yrdizkXdKN6i501A==}
    dev: false

  /hexo-util/2.7.0:
    resolution: {integrity: sha512-hQM3h34nhDg0bSe/Tg1lnpODvNkz7h2u0+lZGzlKL0Oufp+5KCAEUX9wal7/xC7ax3/cwEn8IuoU75kNpZLpJQ==}
    engines: {node: '>=12.4.0'}
    dependencies:
      bluebird: 3.7.2
      camel-case: 4.1.2
      cross-spawn: 7.0.3
      deepmerge: 4.3.1
      highlight.js: 11.9.0
      htmlparser2: 7.2.0
      prismjs: 1.29.0
      strip-indent: 3.0.0
    dev: false

  /hexo-util/3.1.0:
    resolution: {integrity: sha512-LmztAhkJHQ59VHqz6AnvwEKiNA0pCBBI0qW08cCzjhnpGoqZ8tlGDwElzy7oTxCvMChkiqg5V8VflhdI8tHsGg==}
    engines: {node: '>=14'}
    requiresBuild: true
    dependencies:
      camel-case: 4.1.2
      cross-spawn: 7.0.3
      deepmerge: 4.3.1
      highlight.js: 11.9.0
      htmlparser2: 9.0.0
      prismjs: 1.29.0
      strip-indent: 3.0.0
    dev: false

  /hexo/6.3.0:
    resolution: {integrity: sha512-4Jq+rWd8sYvR1YdIQyndN/9WboQ/Mqm6eax8CjrjO+ePFm2oMVafSOx9WEyJ42wcLOHjfyMfnlQhnUuNmJIpPg==}
    engines: {node: '>=12.13.0'}
    hasBin: true
    dependencies:
      abbrev: 1.1.1
      archy: 1.0.0
      bluebird: 3.7.2
      hexo-cli: 4.3.1
      hexo-front-matter: 3.0.0
      hexo-fs: 3.1.0
      hexo-i18n: 1.0.0
      hexo-log: 3.2.0
      hexo-util: 2.7.0
      js-yaml: 4.1.0
      js-yaml-js-types: 1.0.1_js-yaml@4.1.0
      micromatch: 4.0.5
      moize: 6.1.6
      moment: 2.29.4
      moment-timezone: 0.5.43
      nunjucks: 3.2.4
      picocolors: 1.0.0
      pretty-hrtime: 1.0.3
      resolve: 1.22.8
      strip-ansi: 6.0.1
      text-table: 0.2.0
      tildify: 2.0.0
      titlecase: 1.1.3
      warehouse: 4.0.2
    transitivePeerDependencies:
      - chokidar
    dev: false

  /highlight.js/11.9.0:
    resolution: {integrity: sha512-fJ7cW7fQGCYAkgv4CPfwFHrfd/cLS4Hau96JuJ+ZTOWhjnhoeN1ub1tFmALm/+lW5z4WCAuAV9bm05AP0mS6Gw==}
    engines: {node: '>=12.0.0'}
    dev: false

  /html-encoding-sniffer/3.0.0:
    resolution: {integrity: sha1-LLGozw21JBR3blsqegTV3ZgVjek=}
    engines: {node: '>=12'}
    dependencies:
      whatwg-encoding: 2.0.0
    dev: false

  /htmlparser2/7.2.0:
    resolution: {integrity: sha1-iBfN6ji7wyQ5KpCxmQkI6Bpl9aU=}
    dependencies:
      domelementtype: 2.3.0
      domhandler: 4.3.1
      domutils: 2.8.0
      entities: 3.0.1
    dev: false

  /htmlparser2/9.0.0:
    resolution: {integrity: sha512-uxbSI98wmFT/G4P2zXx4OVx04qWUmyFPrD2/CNepa2Zo3GPNaCaaxElDgwUrwYWkK1nr9fft0Ya8dws8coDLLQ==}
    dependencies:
      domelementtype: 2.3.0
      domhandler: 5.0.3
      domutils: 3.1.0
      entities: 4.5.0
    dev: false

  /http-errors/2.0.0:
    resolution: {integrity: sha512-FtwrG/euBzaEjYeRqOgly7G0qviiXoJWnvEH2Z1plBdXgbyjv34pHTSb9zoeHMyDy33+DWy5Wt9Wo+TURtOYSQ==}
    engines: {node: '>= 0.8'}
    dependencies:
      depd: 2.0.0
      inherits: 2.0.4
      setprototypeof: 1.2.0
      statuses: 2.0.1
      toidentifier: 1.0.1
    dev: false

  /http-proxy-agent/5.0.0:
    resolution: {integrity: sha1-USmAAgNSDUNPFCvHj/PBcIAPK0M=}
    engines: {node: '>= 6'}
    dependencies:
      '@tootallnate/once': 2.0.0
      agent-base: 6.0.2
      debug: 4.3.4
    transitivePeerDependencies:
      - supports-color
    dev: false

  /https-proxy-agent/5.0.1:
    resolution: {integrity: sha512-dFcAjpTQFgoLMzC2VwU+C/CbS7uRL0lWmxDITmqm7C+7F0Odmj6s9l6alZc6AELXhrnggM2CeWSXHGOdX2YtwA==}
    engines: {node: '>= 6'}
    dependencies:
      agent-base: 6.0.2
      debug: 4.3.4
    transitivePeerDependencies:
      - supports-color
    dev: false

  /iconv-lite/0.6.3:
    resolution: {integrity: sha1-pS+AvzjaGVLrXGgXkHGYcaGnJQE=}
    engines: {node: '>=0.10.0'}
    dependencies:
      safer-buffer: 2.1.2
    dev: false

  /inflight/1.0.6:
    resolution: {integrity: sha1-Sb1jMdfQLQwJvJEKEHW6gWW1bfk=}
    dependencies:
      once: 1.4.0
      wrappy: 1.0.2
    dev: false

  /inherits/2.0.4:
    resolution: {integrity: sha1-D6LGT5MpF8NDOg3tVTY6rjdBa3w=}
    dev: false

  /is-binary-path/2.1.0:
    resolution: {integrity: sha1-6h9/O4DwZCNug0cPhsCcJU+0Wwk=}
    engines: {node: '>=8'}
    dependencies:
      binary-extensions: 2.2.0
    dev: false

  /is-core-module/2.13.1:
    resolution: {integrity: sha512-hHrIjvZsftOsvKSn2TRYl63zvxsgE0K+0mYMoH6gD4omR5IWB2KynivBQczo3+wF1cCkjzvptnI9Q0sPU66ilw==}
    dependencies:
      hasown: 2.0.0
    dev: false

  /is-docker/2.2.1:
    resolution: {integrity: sha1-M+6r4jz+hvFL3kQIoCwM+4U6zao=}
    engines: {node: '>=8'}
    hasBin: true
    dev: false

  /is-extglob/2.1.1:
    resolution: {integrity: sha1-qIwCU1eR8C7TfHahueqXc8gz+MI=}
    engines: {node: '>=0.10.0'}
    dev: false

  /is-glob/4.0.3:
    resolution: {integrity: sha1-ZPYeQsu7LuwgcanawLKLoeZdUIQ=}
    engines: {node: '>=0.10.0'}
    dependencies:
      is-extglob: 2.1.1
    dev: false

  /is-number/7.0.0:
    resolution: {integrity: sha1-dTU0W4lnNNX4DE0GxQlVUnoU8Ss=}
    engines: {node: '>=0.12.0'}
    dev: false

  /is-plain-object/5.0.0:
    resolution: {integrity: sha1-RCf1CrNCnpAl6n1S6QQ6nvQVk0Q=}
    engines: {node: '>=0.10.0'}
    dev: false

  /is-potential-custom-element-name/1.0.1:
    resolution: {integrity: sha1-Fx7W8Z46xVQ5Tt94yqBXhKRb67U=}
    dev: false

  /is-wsl/2.2.0:
    resolution: {integrity: sha1-dKTHbnfKn9P5MvKQwX6jJs0VcnE=}
    engines: {node: '>=8'}
    dependencies:
      is-docker: 2.2.1
    dev: false

  /isexe/2.0.0:
    resolution: {integrity: sha1-6PvzdNxVb/iUehDcsFctYz8s+hA=}
    dev: false

  /jake/10.8.7:
    resolution: {integrity: sha512-ZDi3aP+fG/LchyBzUM804VjddnwfSfsdeYkwt8NcbKRvo4rFkjhs456iLFn3k2ZUWvNe4i48WACDbza8fhq2+w==}
    engines: {node: '>=10'}
    hasBin: true
    dependencies:
      async: 3.2.4
      chalk: 4.1.2
      filelist: 1.0.4
      minimatch: 3.1.2
    dev: false

  /js-yaml-js-types/1.0.1_js-yaml@4.1.0:
    resolution: {integrity: sha512-5tpfyORs8OQ43alNERbWfYRCtWgykvzYgY46fUhrQi2+kS7N0NuuFYLZ/IrfmVm5muLTndeMublgraXiFRjEPw==}
    peerDependencies:
      js-yaml: 4.x
    dependencies:
      esprima: 4.0.1
      js-yaml: 4.1.0
    dev: false

  /js-yaml/4.1.0:
    resolution: {integrity: sha1-wftl+PUBeQHN0slRhkuhhFihBgI=}
    hasBin: true
    dependencies:
      argparse: 2.0.1
    dev: false

  /jsdom/20.0.3:
    resolution: {integrity: sha512-SYhBvTh89tTfCD/CRdSOm13mOBa42iTaTyfyEWBdKcGdPxPtLFBXuHR8XHb33YNYaP+lLbmSvBTsnoesCNJEsQ==}
    engines: {node: '>=14'}
    peerDependencies:
      canvas: ^2.5.0
    peerDependenciesMeta:
      canvas:
        optional: true
    dependencies:
      abab: 2.0.6
      acorn: 8.10.0
      acorn-globals: 7.0.1
      cssom: 0.5.0
      cssstyle: 2.3.0
      data-urls: 3.0.2
      decimal.js: 10.4.3
      domexception: 4.0.0
      escodegen: 2.1.0
      form-data: 4.0.0
      html-encoding-sniffer: 3.0.0
      http-proxy-agent: 5.0.0
      https-proxy-agent: 5.0.1
      is-potential-custom-element-name: 1.0.1
      nwsapi: 2.2.7
      parse5: 7.1.2
      saxes: 6.0.0
      symbol-tree: 3.2.4
      tough-cookie: 4.1.3
      w3c-xmlserializer: 4.0.0
      webidl-conversions: 7.0.0
      whatwg-encoding: 2.0.0
      whatwg-mimetype: 3.0.0
      whatwg-url: 11.0.0
      ws: 8.14.2
      xml-name-validator: 4.0.0
    transitivePeerDependencies:
      - bufferutil
      - supports-color
      - utf-8-validate
    dev: false

  /jsonparse/1.3.1:
    resolution: {integrity: sha1-P02uSpH6wxX3EGL4UhzCOfE2YoA=}
    engines: {'0': node >= 0.2.0}
    dev: false

  /lower-case/2.0.2:
    resolution: {integrity: sha1-b6I3xj29xKgsoP2ILkci3F5jTig=}
    dependencies:
      tslib: 2.6.2
    dev: false

  /luxon/3.4.3:
    resolution: {integrity: sha512-tFWBiv3h7z+T/tDaoxA8rqTxy1CHV6gHS//QdaH4pulbq/JuBSGgQspQQqcgnwdAx6pNI7cmvz5Sv/addzHmUg==}
    engines: {node: '>=12'}
    dev: false

  /marked/4.3.0:
    resolution: {integrity: sha512-PRsaiG84bK+AMvxziE/lCFss8juXjNaWzVbN5tXAm4XjeaS9NAHhop+PjQxz2A9h8Q4M/xGmzP8vqNwy6JeK0A==}
    engines: {node: '>= 12'}
    hasBin: true
    dev: false

  /micro-memoize/4.1.2:
    resolution: {integrity: sha512-+HzcV2H+rbSJzApgkj0NdTakkC+bnyeiUxgT6/m7mjcz1CmM22KYFKp+EVj1sWe4UYcnriJr5uqHQD/gMHLD+g==}
    dev: false

  /micromatch/4.0.5:
    resolution: {integrity: sha512-DMy+ERcEW2q8Z2Po+WNXuw3c5YaUSFjAO5GsJqfEl7UjvtIuFKO6ZrKvcItdy98dwFI2N1tg3zNIdKaQT+aNdA==}
    engines: {node: '>=8.6'}
    dependencies:
      braces: 3.0.2
      picomatch: 2.3.1
    dev: false

  /mime-db/1.52.0:
    resolution: {integrity: sha512-sPU4uV7dYlvtWJxwwxHD0PuihVNiE7TyAbQ5SWxDCB9mUYvOgroQOwYQQOKPJ8CIbE+1ETVlOoK1UC2nU3gYvg==}
    engines: {node: '>= 0.6'}
    dev: false

  /mime-types/2.1.35:
    resolution: {integrity: sha512-ZDY+bPm5zTTF+YpCrAU9nK0UgICYPT0QtT1NZWFv4s++TNkcgVaT0g6+4R2uI4MjQjzysHB1zxuWL50hzaeXiw==}
    engines: {node: '>= 0.6'}
    dependencies:
      mime-db: 1.52.0
    dev: false

  /mime/1.6.0:
    resolution: {integrity: sha1-Ms2eXGRVO9WNGaVor0Uqz/BJgbE=}
    engines: {node: '>=4'}
    hasBin: true
    dev: false

  /mime/3.0.0:
    resolution: {integrity: sha1-s3RVDco6DBhEOwyVCmpY8ZMc96c=}
    engines: {node: '>=10.0.0'}
    hasBin: true
    dev: false

  /min-indent/1.0.1:
    resolution: {integrity: sha1-pj9oFnOzBXH76LwlaGrnRu76mGk=}
    engines: {node: '>=4'}
    dev: false

  /minimatch/3.1.2:
    resolution: {integrity: sha512-J7p63hRiAjw1NDEww1W7i37+ByIrOWO5XQQAzZ3VOcL0PNybwpfmV/N05zFAzwQ9USyEcX6t3UO+K5aqBQOIHw==}
    dependencies:
      brace-expansion: 1.1.11
    dev: false

  /minimatch/5.1.6:
    resolution: {integrity: sha512-lKwV/1brpG6mBUFHtb7NUmtABCb2WZZmm2wNiOA5hAb8VdCS4B3dtMWyvcoViccwAW/COERjXLt0zP1zXUN26g==}
    engines: {node: '>=10'}
    dependencies:
      brace-expansion: 2.0.1
    dev: false

  /minimist/1.2.8:
    resolution: {integrity: sha512-2yyAR8qBkN3YuheJanUpWC5U3bb5osDywNB8RzDVlDwDHbocAJveqqj1u8+SVD7jkWT4yvsHCpWqqWqAxb0zCA==}
    dev: false

  /moize/6.1.6:
    resolution: {integrity: sha512-vSKdIUO61iCmTqhdoIDrqyrtp87nWZUmBPniNjO0fX49wEYmyDO4lvlnFXiGcaH1JLE/s/9HbiK4LSHsbiUY6Q==}
    dependencies:
      fast-equals: 3.0.3
      micro-memoize: 4.1.2
    dev: false

  /moment-timezone/0.5.43:
    resolution: {integrity: sha512-72j3aNyuIsDxdF1i7CEgV2FfxM1r6aaqJyLB2vwb33mXYyoyLly+F1zbWqhA3/bVIoJ4szlUoMbUnVdid32NUQ==}
    dependencies:
      moment: 2.29.4
    dev: false

  /moment/2.29.4:
    resolution: {integrity: sha512-5LC9SOxjSc2HF6vO2CyuTDNivEdoz2IvyJJGj6X8DJ0eFyfszE0QiEd+iXmBvUP3WHxSjFH/vIsA0EN00cgr8w==}
    dev: false

  /morgan/1.10.0:
    resolution: {integrity: sha1-CRd4q8H8R801CYJGU9rh+qtrF9c=}
    engines: {node: '>= 0.8.0'}
    dependencies:
      basic-auth: 2.0.1
      debug: 2.6.9
      depd: 2.0.0
      on-finished: 2.3.0
      on-headers: 1.0.2
    transitivePeerDependencies:
      - supports-color
    dev: false

  /ms/2.0.0:
    resolution: {integrity: sha1-VgiurfwAvmwpAd9fmGF4jeDVl8g=}
    dev: false

  /ms/2.1.2:
    resolution: {integrity: sha1-0J0fNXtEP0kzgqjrPM0YOHKuYAk=}
    dev: false

  /ms/2.1.3:
    resolution: {integrity: sha1-V0yBOM4dK1hh8LRFedut1gxmFbI=}
    dev: false

  /negotiator/0.6.3:
    resolution: {integrity: sha512-+EUsqGPLsM+j/zdChZjsnX51g4XrHFOIXwfnCVPGlQk/k5giakcKsuxCObBRu6DSm9opw/O6slWbJdghQM4bBg==}
    engines: {node: '>= 0.6'}
    dev: false

  /nib/1.2.0_stylus@0.59.0:
    resolution: {integrity: sha512-7HgrnMl/3yOmWykueO8/D0q+0iWwe7Z+CK2Eaq/xQV8w1hK80WN1oReRQkfkrztbAAnp/nTHkUSl5EcVkor6JQ==}
    peerDependencies:
      stylus: '*'
    dependencies:
      stylus: 0.59.0
    dev: false

  /no-case/3.0.4:
    resolution: {integrity: sha1-02H9XJgA9VhVGoNp/A3NRmK2Ek0=}
    dependencies:
      lower-case: 2.0.2
      tslib: 2.6.2
    dev: false

  /normalize-path/3.0.0:
    resolution: {integrity: sha1-Dc1p/yOhybEf0JeDFmRKA4ghamU=}
    engines: {node: '>=0.10.0'}
    dev: false

  /nunjucks/3.2.4:
    resolution: {integrity: sha512-26XRV6BhkgK0VOxfbU5cQI+ICFUtMLixv1noZn1tGU38kQH5A5nmmbk/O45xdyBhD1esk47nKrY0mvQpZIhRjQ==}
    engines: {node: '>= 6.9.0'}
    hasBin: true
    peerDependencies:
      chokidar: ^3.3.0
    peerDependenciesMeta:
      chokidar:
        optional: true
    dependencies:
      a-sync-waterfall: 1.0.1
      asap: 2.0.6
      commander: 5.1.0
    dev: false

  /nwsapi/2.2.7:
    resolution: {integrity: sha512-ub5E4+FBPKwAZx0UwIQOjYWGHTEq5sPqHQNRN8Z9e4A7u3Tj1weLJsL59yH9vmvqEtBHaOmT6cYQKIZOxp35FQ==}
    dev: false

  /on-finished/2.3.0:
    resolution: {integrity: sha1-IPEzZIGwg811M3mSoWlxqi2QaUc=}
    engines: {node: '>= 0.8'}
    dependencies:
      ee-first: 1.1.1
    dev: false

  /on-finished/2.4.1:
    resolution: {integrity: sha512-oVlzkg3ENAhCk2zdv7IJwd/QUD4z2RxRwpkcGY8psCVcCYZNq4wYnVWALHM+brtuJjePWiYF/ClmuDr8Ch5+kg==}
    engines: {node: '>= 0.8'}
    dependencies:
      ee-first: 1.1.1
    dev: false

  /on-headers/1.0.2:
    resolution: {integrity: sha1-dysK5qqlJcOZ5Imt+tkMQD6zwo8=}
    engines: {node: '>= 0.8'}
    dev: false

  /once/1.4.0:
    resolution: {integrity: sha1-WDsap3WWHUsROsF9nFC6753Xa9E=}
    dependencies:
      wrappy: 1.0.2
    dev: false

  /open/8.4.2:
    resolution: {integrity: sha512-7x81NCL719oNbsq/3mh+hVrAWmFuEYUqrq/Iw3kUzH8ReypT9QQ0BLoJS7/G9k6N81XjW4qHWtjWwe/9eLy1EQ==}
    engines: {node: '>=12'}
    dependencies:
      define-lazy-prop: 2.0.0
      is-docker: 2.2.1
      is-wsl: 2.2.0
    dev: false

  /parse5/7.1.2:
    resolution: {integrity: sha512-Czj1WaSVpaoj0wbhMzLmWD69anp2WH7FXMB9n1Sy8/ZFF9jolSQVMu1Ij5WIyGmcBmhk7EOndpO4mIpihVqAXw==}
    dependencies:
      entities: 4.5.0
    dev: false

  /parseurl/1.3.3:
    resolution: {integrity: sha1-naGee+6NEt/wUT7Vt2lXeTvC6NQ=}
    engines: {node: '>= 0.8'}
    dev: false

  /pascal-case/3.1.2:
    resolution: {integrity: sha1-tI4O8rmOIF58Ha50fQsVCCN2YOs=}
    dependencies:
      no-case: 3.0.4
      tslib: 2.6.2
    dev: false

  /path-is-absolute/1.0.1:
    resolution: {integrity: sha1-F0uSaHNVNP+8es5r9TpanhtcX18=}
    engines: {node: '>=0.10.0'}
    dev: false

  /path-key/3.1.1:
    resolution: {integrity: sha1-WB9q3mWMu6ZaDTOA3ndTKVBU83U=}
    engines: {node: '>=8'}
    dev: false

  /path-parse/1.0.7:
    resolution: {integrity: sha1-+8EUtgykKzDZ2vWFjkvWi77bZzU=}
    dev: false

  /picocolors/1.0.0:
    resolution: {integrity: sha1-y1vcdP8/UYkiNur3nWi8RFZKuBw=}
    dev: false

  /picomatch/2.3.1:
    resolution: {integrity: sha512-JU3teHTNjmE2VCGFzuY8EXzCDVwEqB2a8fsIvwaStHhAWJEeVd1o1QD80CU6+ZdEXXSLbSsuLwJjkCBWqRQUVA==}
    engines: {node: '>=8.6'}
    dev: false

  /pretty-hrtime/1.0.3:
    resolution: {integrity: sha1-t+PqQkNaTJsnWdmeDyAesZWALuE=}
    engines: {node: '>= 0.8'}
    dev: false

  /prismjs/1.29.0:
    resolution: {integrity: sha512-Kx/1w86q/epKcmte75LNrEoT+lX8pBpavuAbvJWRXar7Hz8jrtF+e3vY751p0R8H9HdArwaCTNDDzHg/ScJK1Q==}
    engines: {node: '>=6'}
    dev: false

  /psl/1.9.0:
    resolution: {integrity: sha512-E/ZsdU4HLs/68gYzgGTkMicWTLPdAftJLfJFlLUAAKZGkStNU72sZjT66SnMDVOfOWY/YAoiD7Jxa9iHvngcag==}
    dev: false

  /punycode/2.3.0:
    resolution: {integrity: sha512-rRV+zQD8tVFys26lAGR9WUuS4iUAngJScM+ZRSKtvl5tKeZ2t5bvdNFdNHBW9FWR4guGHlgmsZ1G7BSm2wTbuA==}
    engines: {node: '>=6'}
    dev: false

  /querystringify/2.2.0:
    resolution: {integrity: sha1-M0WUG0FTy50ILY7uTNogFqmu9/Y=}
    dev: false

  /range-parser/1.2.1:
    resolution: {integrity: sha1-PPNwI9GZ4cJNGlW4SADC8+ZGgDE=}
    engines: {node: '>= 0.6'}
    dev: false

  /readable-stream/3.6.2:
    resolution: {integrity: sha512-9u/sniCrY3D5WdsERHzHE4G2YCXqoG5FTHUiCC4SIbr6XcLZBY05ya9EKjYek9O5xOAwjGq+1JdGBAS7Q9ScoA==}
    engines: {node: '>= 6'}
    dependencies:
      inherits: 2.0.4
      string_decoder: 1.3.0
      util-deprecate: 1.0.2
    dev: false

  /readdirp/3.6.0:
    resolution: {integrity: sha1-dKNwvYVxFuJFspzJc0DNQxoCpsc=}
    engines: {node: '>=8.10.0'}
    dependencies:
      picomatch: 2.3.1
    dev: false

  /requires-port/1.0.0:
    resolution: {integrity: sha1-kl0mAdOaxIXgkc8NpcbmlNw9yv8=}
    dev: false

  /resolve/1.22.8:
    resolution: {integrity: sha512-oKWePCxqpd6FlLvGV1VU0x7bkPmmCNolxzjMf4NczoDnQcIWrAF+cPtZn5i6n+RfD2d9i0tzpKnG6Yk168yIyw==}
    hasBin: true
    dependencies:
      is-core-module: 2.13.1
      path-parse: 1.0.7
      supports-preserve-symlinks-flag: 1.0.0
    dev: false

  /rfdc/1.3.0:
    resolution: {integrity: sha1-0LfEQasnINBdxM8m4ByJYx2doIs=}
    dev: false

  /safe-buffer/5.1.2:
    resolution: {integrity: sha1-mR7GnSluAxN0fVm9/St0XDX4go0=}
    dev: false

  /safe-buffer/5.2.1:
    resolution: {integrity: sha1-Hq+fqb2x/dTsdfWPnNtOa3gn7sY=}
    dev: false

  /safer-buffer/2.1.2:
    resolution: {integrity: sha1-RPoWGwGHuVSd2Eu5GAL5vYOFzWo=}
    dev: false

  /sax/1.2.4:
    resolution: {integrity: sha1-KBYjTiN4vdxOU1T6tcqold9xANk=}
    dev: false

  /saxes/6.0.0:
    resolution: {integrity: sha1-/ltKR2jfTxSiAbG6amXB89mYjMU=}
    engines: {node: '>=v12.22.7'}
    dependencies:
      xmlchars: 2.2.0
    dev: false

  /send/0.18.0:
    resolution: {integrity: sha512-qqWzuOjSFOuqPjFe4NOsMLafToQQwBSOEpS+FwEt3A2V3vKubTquT3vmLTQpFgMXp8AlFWFuP1qKaJZOtPpVXg==}
    engines: {node: '>= 0.8.0'}
    dependencies:
      debug: 2.6.9
      depd: 2.0.0
      destroy: 1.2.0
      encodeurl: 1.0.2
      escape-html: 1.0.3
      etag: 1.8.1
      fresh: 0.5.2
      http-errors: 2.0.0
      mime: 1.6.0
      ms: 2.1.3
      on-finished: 2.4.1
      range-parser: 1.2.1
      statuses: 2.0.1
    transitivePeerDependencies:
      - supports-color
    dev: false

  /serve-static/1.15.0:
    resolution: {integrity: sha512-XGuRDNjXUijsUL0vl6nSD7cwURuzEgglbOaFuZM9g3kwDXOWVTck0jLzjPzGD+TazWbboZYu52/9/XPdUgne9g==}
    engines: {node: '>= 0.8.0'}
    dependencies:
      encodeurl: 1.0.2
      escape-html: 1.0.3
      parseurl: 1.3.3
      send: 0.18.0
    transitivePeerDependencies:
      - supports-color
    dev: false

  /setprototypeof/1.2.0:
    resolution: {integrity: sha1-ZsmiSnP5/CjL5msJ/tPTPcrxtCQ=}
    dev: false

  /shebang-command/2.0.0:
    resolution: {integrity: sha1-zNCvT4g1+9wmW4JGGq8MNmY/NOo=}
    engines: {node: '>=8'}
    dependencies:
      shebang-regex: 3.0.0
    dev: false

  /shebang-regex/3.0.0:
    resolution: {integrity: sha1-rhbxZE2HPsrYQ7AwexQzYtTEIXI=}
    engines: {node: '>=8'}
    dev: false

  /source-map/0.6.1:
    resolution: {integrity: sha1-dHIq8y6WFOnCh6jQu95IteLxomM=}
    engines: {node: '>=0.10.0'}
    requiresBuild: true
    dev: false
    optional: true

  /source-map/0.7.4:
    resolution: {integrity: sha512-l3BikUxvPOcn5E74dZiq5BGsTb5yEwhaTSzccU6t4sDOH8NWJCstKO5QT2CvtFoK6F0saL7p9xHAqHOlCPJygA==}
    engines: {node: '>= 8'}
    dev: false

  /sprintf-js/1.1.3:
    resolution: {integrity: sha512-Oo+0REFV59/rz3gfJNKQiBlwfHaSESl1pcGyABQsnnIfWOFt6JNj5gCog2U6MLZ//IGYD+nA8nI+mTShREReaA==}
    dev: false

  /statuses/1.5.0:
    resolution: {integrity: sha1-Fhx9rBd2Wf2YEfQ3cfqZOBR4Yow=}
    engines: {node: '>= 0.6'}
    dev: false

  /statuses/2.0.1:
    resolution: {integrity: sha1-VcsADM8dSHKL0jxoWgY5mM8aG2M=}
    engines: {node: '>= 0.8'}
    dev: false

  /string_decoder/1.3.0:
    resolution: {integrity: sha1-QvEUWUpGzxqOMLCoT1bHjD7awh4=}
    dependencies:
      safe-buffer: 5.2.1
    dev: false

  /strip-ansi/6.0.1:
    resolution: {integrity: sha1-nibGPTD1NEPpSJSVshBdN7Z6hdk=}
    engines: {node: '>=8'}
    dependencies:
      ansi-regex: 5.0.1
    dev: false

  /strip-indent/3.0.0:
    resolution: {integrity: sha1-wy4c7pQLazQyx3G8LFS8znPNMAE=}
    engines: {node: '>=8'}
    dependencies:
      min-indent: 1.0.1
    dev: false

  /stylus/0.59.0:
    resolution: {integrity: sha512-lQ9w/XIOH5ZHVNuNbWW8D822r+/wBSO/d6XvtyHLF7LW4KaCIDeVbvn5DF8fGCJAUCwVhVi/h6J0NUcnylUEjg==}
    hasBin: true
    dependencies:
      '@adobe/css-tools': 4.3.1
      debug: 4.3.4
      glob: 7.2.3
      sax: 1.2.4
      source-map: 0.7.4
    transitivePeerDependencies:
      - supports-color
    dev: false

  /supports-color/7.2.0:
    resolution: {integrity: sha1-G33NyzK4E4gBs+R4umpRyqiWSNo=}
    engines: {node: '>=8'}
    dependencies:
      has-flag: 4.0.0
    dev: false

  /supports-preserve-symlinks-flag/1.0.0:
    resolution: {integrity: sha512-ot0WnXS9fgdkgIcePe6RHNk1WA8+muPa6cSjeR3V8K27q9BB1rTE3R1p7Hv0z1ZyAc8s6Vvv8DIyWf681MAt0w==}
    engines: {node: '>= 0.4'}
    dev: false

  /symbol-tree/3.2.4:
    resolution: {integrity: sha1-QwY30ki6d+B4iDlR+5qg7tfGP6I=}
    dev: false

  /text-table/0.2.0:
    resolution: {integrity: sha1-f17oI66AUgfACvLfSoTsP8+lcLQ=}
    dev: false

  /through2/4.0.2:
    resolution: {integrity: sha1-p846wqeosLlmyA58SfBITDsjl2Q=}
    dependencies:
      readable-stream: 3.6.2
    dev: false

  /tildify/2.0.0:
    resolution: {integrity: sha1-8gXzZ01nfOaYtwZ6melJzgO0dUo=}
    engines: {node: '>=8'}
    dev: false

  /titlecase/1.1.3:
    resolution: {integrity: sha1-/G1l/1grBgJBB2jvGgm3BQYxPcM=}
    hasBin: true
    dev: false

  /to-regex-range/5.0.1:
    resolution: {integrity: sha1-FkjESq58jZiKMmAY7XL1tN0DkuQ=}
    engines: {node: '>=8.0'}
    dependencies:
      is-number: 7.0.0
    dev: false

  /toidentifier/1.0.1:
    resolution: {integrity: sha1-O+NDIaiKgg7RvYDfqjPkefu43TU=}
    engines: {node: '>=0.6'}
    dev: false

  /tough-cookie/4.1.3:
    resolution: {integrity: sha512-aX/y5pVRkfRnfmuX+OdbSdXvPe6ieKX/G2s7e98f4poJHnqH3281gDPm/metm6E/WRamfx7WC4HUqkWHfQHprw==}
    engines: {node: '>=6'}
    dependencies:
      psl: 1.9.0
      punycode: 2.3.0
      universalify: 0.2.0
      url-parse: 1.5.10
    dev: false

  /tr46/3.0.0:
    resolution: {integrity: sha1-VVxOKXqVBhfo7t3vYzyH1NnWy/k=}
    engines: {node: '>=12'}
    dependencies:
      punycode: 2.3.0
    dev: false

  /tslib/2.6.2:
    resolution: {integrity: sha512-AEYxH93jGFPn/a2iVAwW87VuUIkR1FVUKB77NwMF7nBTDkDrrT/Hpt/IrCJ0QXhW27jTBDcf5ZY7w6RiqTMw2Q==}
    dev: false

  /universalify/0.2.0:
    resolution: {integrity: sha1-ZFF2BWb6hXU0dFqx3elS0bF2G+A=}
    engines: {node: '>= 4.0.0'}
    dev: false

  /unpipe/1.0.0:
    resolution: {integrity: sha1-sr9O6FFKrmFltIF4KdIbLvSZBOw=}
    engines: {node: '>= 0.8'}
    dev: false

  /url-parse/1.5.10:
    resolution: {integrity: sha512-WypcfiRhfeUP9vvF0j6rw0J3hrWrw6iZv3+22h6iRMJ/8z1Tj6XfLP4DsUix5MhMPnXpiHDoKyoZ/bdCkwBCiQ==}
    dependencies:
      querystringify: 2.2.0
      requires-port: 1.0.0
    dev: false

  /util-deprecate/1.0.2:
    resolution: {integrity: sha1-RQ1Nyfpw3nMnYvvS1KKJgUGaDM8=}
    dev: false

  /utils-merge/1.0.1:
    resolution: {integrity: sha1-n5VxD1CiZ5R7LMwSR0HBAoQn5xM=}
    engines: {node: '>= 0.4.0'}
    dev: false

  /vary/1.1.2:
    resolution: {integrity: sha1-IpnwLG3tMNSllhsLn3RSShj2NPw=}
    engines: {node: '>= 0.8'}
    dev: false

  /w3c-xmlserializer/4.0.0:
    resolution: {integrity: sha512-d+BFHzbiCx6zGfz0HyQ6Rg69w9k19nviJspaj4yNscGjrHu94sVP+aRm75yEbCh+r2/yR+7q6hux9LVtbuTGBw==}
    engines: {node: '>=14'}
    dependencies:
      xml-name-validator: 4.0.0
    dev: false

  /warehouse/4.0.2:
    resolution: {integrity: sha512-GixS7SolBGu81rnxYM6bScxdElLM97Jx/kr0a6B6PGBWFqvHeuWFj7QbgEX1YWZSxiJt/aR6dBVQKC/PvvihdQ==}
    engines: {node: '>=10.13.0'}
    dependencies:
      bluebird: 3.7.2
      cuid: 2.1.8
      graceful-fs: 4.2.11
      hexo-log: 3.2.0
      is-plain-object: 5.0.0
      jsonparse: 1.3.1
      rfdc: 1.3.0
      through2: 4.0.2
    dev: false

  /webidl-conversions/7.0.0:
    resolution: {integrity: sha1-JWtOGIK+feu/AdBfCqIDl3jqCAo=}
    engines: {node: '>=12'}
    dev: false

  /whatwg-encoding/2.0.0:
    resolution: {integrity: sha1-52NfWX/YcCCFhiaAWicp+naYrFM=}
    engines: {node: '>=12'}
    dependencies:
      iconv-lite: 0.6.3
    dev: false

  /whatwg-mimetype/3.0.0:
    resolution: {integrity: sha1-X6GnYjhn/xr2yj3HKta4pCCL66c=}
    engines: {node: '>=12'}
    dev: false

  /whatwg-url/11.0.0:
    resolution: {integrity: sha1-CoSe67X68hGbkBu3b9eVwoSNQBg=}
    engines: {node: '>=12'}
    dependencies:
      tr46: 3.0.0
      webidl-conversions: 7.0.0
    dev: false

  /which/2.0.2:
    resolution: {integrity: sha1-fGqN0KY2oDJ+ELWckobu6T8/UbE=}
    engines: {node: '>= 8'}
    hasBin: true
    dependencies:
      isexe: 2.0.0
    dev: false

  /wrappy/1.0.2:
    resolution: {integrity: sha1-tSQ9jz7BqjXxNkYFvA0QNuMKtp8=}
    dev: false

  /ws/8.14.2:
    resolution: {integrity: sha512-wEBG1ftX4jcglPxgFCMJmZ2PLtSbJ2Peg6TmpJFTbe9GZYOQCDPdMYu/Tm0/bGZkw8paZnJY45J4K2PZrLYq8g==}
    engines: {node: '>=10.0.0'}
    peerDependencies:
      bufferutil: ^4.0.1
      utf-8-validate: '>=5.0.2'
    peerDependenciesMeta:
      bufferutil:
        optional: true
      utf-8-validate:
        optional: true
    dev: false

  /xml-name-validator/4.0.0:
    resolution: {integrity: sha1-eaAG4uYxSahgDxVDDwpHJdFSSDU=}
    engines: {node: '>=12'}
    dev: false

  /xmlchars/2.2.0:
    resolution: {integrity: sha1-Bg/hvLf5x2/ioX24apvDq4lCEMs=}
    dev: false
